
Microsoft Visual Studio Solution File, Format Version 12.00
# Visual Studio Version 16
VisualStudioVersion = 16.0.29613.14
MinimumVisualStudioVersion = 10.0.40219.1
Project("{FAE04EC0-301F-11D3-BF4B-00C04F79EFBC}") = "gepv", "gepv\gepv.csproj", "{045AE260-0C4C-4BFC-8426-1D535181F674}"
EndProject
Global
	GlobalSection(SolutionConfigurationPlatforms) = preSolution
		Debug|Any CPU = Debug|Any CPU
		Release|Any CPU = Release|Any CPU
	EndGlobalSection
	GlobalSection(ProjectConfigurationPlatforms) = postSolution
		{045AE260-0C4C-4BFC-8426-1D535181F674}.Debug|Any CPU.ActiveCfg = Debug|Any CPU
		{045AE260-0C4C-4BFC-8426-1D535181F674}.Debug|Any CPU.Build.0 = Debug|Any CPU
		{045AE260-0C4C-4BFC-8426-1D535181F674}.Release|Any CPU.ActiveCfg = Release|Any CPU
		{045AE260-0C4C-4BFC-8426-1D535181F674}.Release|Any CPU.Build.0 = Release|Any CPU
	EndGlobalSection
	GlobalSection(SolutionProperties) = preSolution
		HideSolutionNode = FALSE
	EndGlobalSection
	GlobalSection(ExtensibilityGlobals) = postSolution
		SolutionGuid = {0466723C-A240-45A0-8EB1-201C90F2B8DB}
	EndGlobalSection
EndGlobal
